{
  "requires": true,
  "lockfileVersion": 1,
  "dependencies": {
    "core-js": {
      "version": "2.5.7",
      "resolved": "https://registry.npmjs.org/core-js/-/core-js-2.5.7.tgz",
      "integrity": "sha512-RszJCAxg/PP6uzXVXL6BsxSXx/B05oJAQ2vkJRjyjrEcNVycaqOmNb5OTxZPE3xa5gwZduqza6L9JOCenh/Ecw=="
    },
    "react-keyboard-event-handler": {
      "version": "1.3.1",
      "resolved": "https://registry.npmjs.org/react-keyboard-event-handler/-/react-keyboard-event-handler-1.3.1.tgz",
      "integrity": "sha512-F8rTyYWP53mouRY2CkC86RBHRPIBe1L/bKYtOcjOvXbjVykwK2vsnpkNFec3780XJa8D0AjsprJkGigHdVRDIQ=="
    },
    "react-keydown": {
      "version": "1.9.7",
      "resolved": "https://registry.npmjs.org/react-keydown/-/react-keydown-1.9.7.tgz",
      "integrity": "sha512-sT3/R45LvLCSpWzRKmxrg5n0kg387MmavHJfv0VI/ZjPjS86PC2n35z+2Y00kxVIkOoYRC6wpqTXB13kJUM60w==",
      "requires": {
        "core-js": "2.5.7"
      }
    }
  }
}
